<?xml version="1.0" encoding="utf-8"?>
<Project ToolsVersion="4.0" xmlns="http://schemas.microsoft.com/developer/msbuild/2003">
  <ItemGroup>
    <Filter Include="ソース ファイル">
      <UniqueIdentifier>{4FC737F1-C7A5-4376-A066-2A32D752A2FF}</UniqueIdentifier>
      <Extensions>cpp;c;cc;cxx;c++;cppm;ixx;def;odl;idl;hpj;bat;asm;asmx</Extensions>
    </Filter>
    <Filter Include="ヘッダー ファイル">
      <UniqueIdentifier>{93995380-89BD-4b04-88EB-625FBE52EBFB}</UniqueIdentifier>
      <Extensions>h;hh;hpp;hxx;h++;hm;inl;inc;ipp;xsd</Extensions>
    </Filter>
    <Filter Include="リソース ファイル">
      <UniqueIdentifier>{67DA6AB6-F800-4c08-8B7A-83BB121AAD01}</UniqueIdentifier>
      <Extensions>rc;ico;cur;bmp;dlg;rc2;rct;bin;rgs;gif;jpg;jpeg;jpe;resx;tiff;tif;png;wav;mfcribbon-ms</Extensions>
    </Filter>
    <Filter Include="ソース ファイル\MyDX">
      <UniqueIdentifier>{d2e5c917-5da9-43d2-90ff-0d3422aec358}</UniqueIdentifier>
    </Filter>
    <Filter Include="ヘッダー ファイル\MyDX">
      <UniqueIdentifier>{b9e1c3af-3d73-42f0-9e13-015d3bf689ea}</UniqueIdentifier>
    </Filter>
    <Filter Include="ソース ファイル\MyDX\Init">
      <UniqueIdentifier>{5978ef30-b9e7-481b-bf13-a82c0ef4c8f8}</UniqueIdentifier>
    </Filter>
    <Filter Include="ヘッダー ファイル\MyDX\Init">
      <UniqueIdentifier>{e7cc4156-d7d6-48bf-8fb1-5e5535282d4e}</UniqueIdentifier>
    </Filter>
    <Filter Include="ソース ファイル\MyDX\Update">
      <UniqueIdentifier>{36f43a14-7d05-407c-83ce-7a50991d9546}</UniqueIdentifier>
    </Filter>
    <Filter Include="ヘッダー ファイル\MyDX\Update">
      <UniqueIdentifier>{3eb05a70-5ca6-45d3-bf9b-5455703c4cff}</UniqueIdentifier>
    </Filter>
    <Filter Include="ソース ファイル\Input">
      <UniqueIdentifier>{4bda4991-9de2-4dce-b627-52e2a65e9d14}</UniqueIdentifier>
    </Filter>
    <Filter Include="ソース ファイル\Math">
      <UniqueIdentifier>{2412d2f0-47fa-4b3a-81f3-90645ca5cff1}</UniqueIdentifier>
    </Filter>
    <Filter Include="ヘッダー ファイル\Input">
      <UniqueIdentifier>{5cd6d181-bac6-49da-ad30-8a4d05a29671}</UniqueIdentifier>
    </Filter>
    <Filter Include="ヘッダー ファイル\Math">
      <UniqueIdentifier>{5d7977a7-324d-4647-a15b-d572c8d38ae9}</UniqueIdentifier>
    </Filter>
  </ItemGroup>
  <ItemGroup>
    <ClCompile Include="main.cpp">
      <Filter>ソース ファイル</Filter>
    </ClCompile>
    <ClCompile Include="Result.cpp">
      <Filter>ソース ファイル\MyDX</Filter>
    </ClCompile>
    <ClCompile Include="MyDirectX.cpp">
      <Filter>ソース ファイル\MyDX</Filter>
    </ClCompile>
    <ClCompile Include="MyDXAdapters.cpp">
      <Filter>ソース ファイル\MyDX\Init</Filter>
    </ClCompile>
    <ClCompile Include="MyDXCommandList.cpp">
      <Filter>ソース ファイル\MyDX\Init</Filter>
    </ClCompile>
    <ClCompile Include="MyDXCommandQueue.cpp">
      <Filter>ソース ファイル\MyDX\Init</Filter>
    </ClCompile>
    <ClCompile Include="MyDXDevice.cpp">
      <Filter>ソース ファイル\MyDX\Init</Filter>
    </ClCompile>
    <ClCompile Include="MyDXFence.cpp">
      <Filter>ソース ファイル\MyDX\Init</Filter>
    </ClCompile>
    <ClCompile Include="MyDXRenderTargetView.cpp">
      <Filter>ソース ファイル\MyDX\Init</Filter>
    </ClCompile>
    <ClCompile Include="MyDXSwapChain.cpp">
      <Filter>ソース ファイル\MyDX\Init</Filter>
    </ClCompile>
    <ClCompile Include="MyDXResourceBarrier.cpp">
      <Filter>ソース ファイル\MyDX\Update</Filter>
    </ClCompile>
    <ClCompile Include="MyWIndowsApplication.cpp">
      <Filter>ソース ファイル</Filter>
    </ClCompile>
    <ClCompile Include="MyPrimitiveDrawer.cpp">
      <Filter>ソース ファイル</Filter>
    </ClCompile>
    <ClCompile Include="MyDirectInput.cpp">
      <Filter>ソース ファイル\Input</Filter>
    </ClCompile>
    <ClCompile Include="Keys.cpp">
      <Filter>ソース ファイル\Input</Filter>
    </ClCompile>
    <ClCompile Include="Component.cpp">
      <Filter>ソース ファイル\Math</Filter>
    </ClCompile>
    <ClCompile Include="Vec2.cpp">
      <Filter>ソース ファイル\Math</Filter>
    </ClCompile>
    <ClCompile Include="Vec3.cpp">
      <Filter>ソース ファイル\Math</Filter>
    </ClCompile>
  </ItemGroup>
  <ItemGroup>
    <FxCompile Include="BasicVS.hlsl" />
    <FxCompile Include="BasicPS.hlsl" />
  </ItemGroup>
  <ItemGroup>
    <ClInclude Include="Result.h">
      <Filter>ヘッダー ファイル\MyDX</Filter>
    </ClInclude>
    <ClInclude Include="MyDirectX.h">
      <Filter>ヘッダー ファイル\MyDX</Filter>
    </ClInclude>
    <ClInclude Include="MyDXAdapters.h">
      <Filter>ヘッダー ファイル\MyDX\Init</Filter>
    </ClInclude>
    <ClInclude Include="MyDXCommandList.h">
      <Filter>ヘッダー ファイル\MyDX\Init</Filter>
    </ClInclude>
    <ClInclude Include="MyDXCommandQueue.h">
      <Filter>ヘッダー ファイル\MyDX\Init</Filter>
    </ClInclude>
    <ClInclude Include="MyDXDevice.h">
      <Filter>ヘッダー ファイル\MyDX\Init</Filter>
    </ClInclude>
    <ClInclude Include="MyDXFence.h">
      <Filter>ヘッダー ファイル\MyDX\Init</Filter>
    </ClInclude>
    <ClInclude Include="MyDXRenderTargetView.h">
      <Filter>ヘッダー ファイル\MyDX\Init</Filter>
    </ClInclude>
    <ClInclude Include="MyDXSwapChain.h">
      <Filter>ヘッダー ファイル\MyDX\Init</Filter>
    </ClInclude>
    <ClInclude Include="MyDXResourceBarrier.h">
      <Filter>ヘッダー ファイル\MyDX\Update</Filter>
    </ClInclude>
    <ClInclude Include="MyWIndowsApplication.h">
      <Filter>ヘッダー ファイル</Filter>
    </ClInclude>
    <ClInclude Include="MyPrimitiveDrawer.h">
      <Filter>ヘッダー ファイル</Filter>
    </ClInclude>
    <ClInclude Include="Keys.h">
      <Filter>ヘッダー ファイル\Input</Filter>
    </ClInclude>
    <ClInclude Include="MyDirectInput.h">
      <Filter>ヘッダー ファイル\Input</Filter>
    </ClInclude>
    <ClInclude Include="Vec3.h">
      <Filter>ヘッダー ファイル\Math</Filter>
    </ClInclude>
    <ClInclude Include="Vec2.h">
      <Filter>ヘッダー ファイル\Math</Filter>
    </ClInclude>
    <ClInclude Include="Component.h">
      <Filter>ヘッダー ファイル\Math</Filter>
    </ClInclude>
  </ItemGroup>
  <ItemGroup>
    <None Include="Basic.hlsli" />
  </ItemGroup>
</Project>